Microsoft Visual Studio Solution File, Format Version 11.00
# Visual Studio 2008

Project("{51AF0EC9-E926-A9CA-E94B-916670239899}") = "New Unity Project 23", "Assembly-CSharp-firstpass.csproj", "{0E2DC869-B353-8BD4-7DA6-CED0598F9574}"
EndProject
Project("{51AF0EC9-E926-A9CA-E94B-916670239899}") = "New Unity Project 23", "Assembly-CSharp.csproj", "{A22EC21C-70D1-8714-AEA1-23C7893229DE}"
EndProject
Project("{51AF0EC9-E926-A9CA-E94B-916670239899}") = "New Unity Project 23", "Assembly-UnityScript-firstpass.unityproj", "{642AA154-D71C-99ED-D2C9-CE7E990A35AF}"
EndProject
Project("{51AF0EC9-E926-A9CA-E94B-916670239899}") = "New Unity Project 23", "Assembly-UnityScript.unityproj", "{407DB225-4379-9DE1-6C47-62F183F0A224}"
EndProject
Global
	GlobalSection(SolutionConfigurationPlatforms) = preSolution
		Debug|Any CPU = Debug|Any CPU
		Release|Any CPU = Release|Any CPU
	EndGlobalSection
	GlobalSection(ProjectConfigurationPlatforms) = postSolution
		{0E2DC869-B353-8BD4-7DA6-CED0598F9574}.Debug|Any CPU.ActiveCfg = Debug|Any CPU
		{0E2DC869-B353-8BD4-7DA6-CED0598F9574}.Debug|Any CPU.Build.0 = Debug|Any CPU
		{0E2DC869-B353-8BD4-7DA6-CED0598F9574}.Release|Any CPU.ActiveCfg = Release|Any CPU
		{0E2DC869-B353-8BD4-7DA6-CED0598F9574}.Release|Any CPU.Build.0 = Release|Any CPU
		{A22EC21C-70D1-8714-AEA1-23C7893229DE}.Debug|Any CPU.ActiveCfg = Debug|Any CPU
		{A22EC21C-70D1-8714-AEA1-23C7893229DE}.Debug|Any CPU.Build.0 = Debug|Any CPU
		{A22EC21C-70D1-8714-AEA1-23C7893229DE}.Release|Any CPU.ActiveCfg = Release|Any CPU
		{A22EC21C-70D1-8714-AEA1-23C7893229DE}.Release|Any CPU.Build.0 = Release|Any CPU
		{642AA154-D71C-99ED-D2C9-CE7E990A35AF}.Debug|Any CPU.ActiveCfg = Debug|Any CPU
		{642AA154-D71C-99ED-D2C9-CE7E990A35AF}.Debug|Any CPU.Build.0 = Debug|Any CPU
		{642AA154-D71C-99ED-D2C9-CE7E990A35AF}.Release|Any CPU.ActiveCfg = Release|Any CPU
		{642AA154-D71C-99ED-D2C9-CE7E990A35AF}.Release|Any CPU.Build.0 = Release|Any CPU
		{407DB225-4379-9DE1-6C47-62F183F0A224}.Debug|Any CPU.ActiveCfg = Debug|Any CPU
		{407DB225-4379-9DE1-6C47-62F183F0A224}.Debug|Any CPU.Build.0 = Debug|Any CPU
		{407DB225-4379-9DE1-6C47-62F183F0A224}.Release|Any CPU.ActiveCfg = Release|Any CPU
		{407DB225-4379-9DE1-6C47-62F183F0A224}.Release|Any CPU.Build.0 = Release|Any CPU
	EndGlobalSection
	GlobalSection(SolutionProperties) = preSolution
		HideSolutionNode = FALSE
	EndGlobalSection
								GlobalSection(MonoDevelopProperties) = preSolution
		StartupItem = Assembly-CSharp.csproj
		Policies = $0
		$0.TextStylePolicy = $1
		$1.inheritsSet = null
		$1.scope = text/x-csharp
		$0.CSharpFormattingPolicy = $2
		$2.inheritsSet = Mono
		$2.inheritsScope = text/x-csharp
		$2.scope = text/x-csharp
		$0.TextStylePolicy = $3
		$3.FileWidth = 120
		$3.TabWidth = 4
		$3.EolMarker = Unix
		$3.inheritsSet = Mono
		$3.inheritsScope = text/plain
		$3.scope = text/plain
	EndGlobalSection

EndGlobal
